
Microsoft Visual Studio Solution File, Format Version 12.00
# Visual Studio Version 16
VisualStudioVersion = 16.0.29306.81
MinimumVisualStudioVersion = 10.0.40219.1
Project("{FAE04EC0-301F-11D3-BF4B-00C04F79EFBC}") = "Bookstore", "Bookstore.csproj", "{E08277A2-4BDB-4897-B43C-3E2D85027060}"
EndProject
Global
	GlobalSection(SolutionConfigurationPlatforms) = preSolution
		Debug|Any CPU = Debug|Any CPU
		Release|Any CPU = Release|Any CPU
	EndGlobalSection
	GlobalSection(ProjectConfigurationPlatforms) = postSolution
		{E08277A2-4BDB-4897-B43C-3E2D85027060}.Debug|Any CPU.ActiveCfg = Debug|Any CPU
		{E08277A2-4BDB-4897-B43C-3E2D85027060}.Debug|Any CPU.Build.0 = Debug|Any CPU
		{E08277A2-4BDB-4897-B43C-3E2D85027060}.Release|Any CPU.ActiveCfg = Release|Any CPU
		{E08277A2-4BDB-4897-B43C-3E2D85027060}.Release|Any CPU.Build.0 = Release|Any CPU
	EndGlobalSection
	GlobalSection(SolutionProperties) = preSolution
		HideSolutionNode = FALSE
	EndGlobalSection
	GlobalSection(ExtensibilityGlobals) = postSolution
		SolutionGuid = {57CCED70-702D-4515-88FF-48083E03617F}
	EndGlobalSection
EndGlobal
